Microsoft Visual Studio Solution File, Format Version 12.00
# Visual Studio 15
Project("{8BC9CEB8-8B4A-11D0-8D11-00A0C91BC942}") = "ALL_BUILD", "ALL_BUILD.vcxproj", "{386BD987-51D6-336C-9D84-5EA217F9D5AA}"
	ProjectSection(ProjectDependencies) = postProject
		{E73CACA9-E296-39AA-A992-03EB09AEB8DA} = {E73CACA9-E296-39AA-A992-03EB09AEB8DA}
		{A22654B0-D091-3439-B67B-9B7AC2E224C2} = {A22654B0-D091-3439-B67B-9B7AC2E224C2}
		{D0AD2FBB-B705-3149-81C6-0FAE85730235} = {D0AD2FBB-B705-3149-81C6-0FAE85730235}
		{74F386C3-8E91-3EA5-89B3-D027895ABB97} = {74F386C3-8E91-3EA5-89B3-D027895ABB97}
		{14EB2C07-A58D-3348-8B40-6A7DA92D7177} = {14EB2C07-A58D-3348-8B40-6A7DA92D7177}
		{F3A7267A-04CC-3CF2-8311-892135B69131} = {F3A7267A-04CC-3CF2-8311-892135B69131}
	EndProjectSection
EndProject
Project("{8BC9CEB8-8B4A-11D0-8D11-00A0C91BC942}") = "INSTALL", "INSTALL.vcxproj", "{84FA0AF4-7252-3A54-A44A-39B4EE0606AD}"
	ProjectSection(ProjectDependencies) = postProject
		{386BD987-51D6-336C-9D84-5EA217F9D5AA} = {386BD987-51D6-336C-9D84-5EA217F9D5AA}
		{E73CACA9-E296-39AA-A992-03EB09AEB8DA} = {E73CACA9-E296-39AA-A992-03EB09AEB8DA}
	EndProjectSection
EndProject
Project("{8BC9CEB8-8B4A-11D0-8D11-00A0C91BC942}") = "UpdateAssimpLibsDebugSymbolsAndDLLs", "UpdateAssimpLibsDebugSymbolsAndDLLs.vcxproj", "{A6E78B1A-9058-3DE0-B5BF-5C75BA187F0F}"
	ProjectSection(ProjectDependencies) = postProject
		{E73CACA9-E296-39AA-A992-03EB09AEB8DA} = {E73CACA9-E296-39AA-A992-03EB09AEB8DA}
	EndProjectSection
EndProject
Project("{8BC9CEB8-8B4A-11D0-8D11-00A0C91BC942}") = "ZERO_CHECK", "ZERO_CHECK.vcxproj", "{E73CACA9-E296-39AA-A992-03EB09AEB8DA}"
	ProjectSection(ProjectDependencies) = postProject
	EndProjectSection
EndProject
Project("{8BC9CEB8-8B4A-11D0-8D11-00A0C91BC942}") = "assimp", "code\assimp.vcxproj", "{A22654B0-D091-3439-B67B-9B7AC2E224C2}"
	ProjectSection(ProjectDependencies) = postProject
		{E73CACA9-E296-39AA-A992-03EB09AEB8DA} = {E73CACA9-E296-39AA-A992-03EB09AEB8DA}
		{F3A7267A-04CC-3CF2-8311-892135B69131} = {F3A7267A-04CC-3CF2-8311-892135B69131}
	EndProjectSection
EndProject
Project("{8BC9CEB8-8B4A-11D0-8D11-00A0C91BC942}") = "assimp_cmd", "tools\assimp_cmd\assimp_cmd.vcxproj", "{D0AD2FBB-B705-3149-81C6-0FAE85730235}"
	ProjectSection(ProjectDependencies) = postProject
		{E73CACA9-E296-39AA-A992-03EB09AEB8DA} = {E73CACA9-E296-39AA-A992-03EB09AEB8DA}
		{A22654B0-D091-3439-B67B-9B7AC2E224C2} = {A22654B0-D091-3439-B67B-9B7AC2E224C2}
		{F3A7267A-04CC-3CF2-8311-892135B69131} = {F3A7267A-04CC-3CF2-8311-892135B69131}
	EndProjectSection
EndProject
Project("{8BC9CEB8-8B4A-11D0-8D11-00A0C91BC942}") = "gtest", "test\gtest.vcxproj", "{74F386C3-8E91-3EA5-89B3-D027895ABB97}"
	ProjectSection(ProjectDependencies) = postProject
		{E73CACA9-E296-39AA-A992-03EB09AEB8DA} = {E73CACA9-E296-39AA-A992-03EB09AEB8DA}
	EndProjectSection
EndProject
Project("{8BC9CEB8-8B4A-11D0-8D11-00A0C91BC942}") = "uninstall", "uninstall.vcxproj", "{1DD52763-41E3-3D71-9C59-D1660268A388}"
	ProjectSection(ProjectDependencies) = postProject
		{E73CACA9-E296-39AA-A992-03EB09AEB8DA} = {E73CACA9-E296-39AA-A992-03EB09AEB8DA}
	EndProjectSection
EndProject
Project("{8BC9CEB8-8B4A-11D0-8D11-00A0C91BC942}") = "unit", "test\unit.vcxproj", "{14EB2C07-A58D-3348-8B40-6A7DA92D7177}"
	ProjectSection(ProjectDependencies) = postProject
		{E73CACA9-E296-39AA-A992-03EB09AEB8DA} = {E73CACA9-E296-39AA-A992-03EB09AEB8DA}
		{A22654B0-D091-3439-B67B-9B7AC2E224C2} = {A22654B0-D091-3439-B67B-9B7AC2E224C2}
		{74F386C3-8E91-3EA5-89B3-D027895ABB97} = {74F386C3-8E91-3EA5-89B3-D027895ABB97}
		{F3A7267A-04CC-3CF2-8311-892135B69131} = {F3A7267A-04CC-3CF2-8311-892135B69131}
	EndProjectSection
EndProject
Project("{8BC9CEB8-8B4A-11D0-8D11-00A0C91BC942}") = "zlibstatic", "contrib\zlib\zlibstatic.vcxproj", "{F3A7267A-04CC-3CF2-8311-892135B69131}"
	ProjectSection(ProjectDependencies) = postProject
		{E73CACA9-E296-39AA-A992-03EB09AEB8DA} = {E73CACA9-E296-39AA-A992-03EB09AEB8DA}
	EndProjectSection
EndProject
Global
	GlobalSection(SolutionConfigurationPlatforms) = preSolution
		Debug|x64 = Debug|x64
		Release|x64 = Release|x64
		MinSizeRel|x64 = MinSizeRel|x64
		RelWithDebInfo|x64 = RelWithDebInfo|x64
	EndGlobalSection
	GlobalSection(ProjectConfigurationPlatforms) = postSolution
		{386BD987-51D6-336C-9D84-5EA217F9D5AA}.Debug|x64.ActiveCfg = Debug|x64
		{386BD987-51D6-336C-9D84-5EA217F9D5AA}.Debug|x64.Build.0 = Debug|x64
		{386BD987-51D6-336C-9D84-5EA217F9D5AA}.Release|x64.ActiveCfg = Release|x64
		{386BD987-51D6-336C-9D84-5EA217F9D5AA}.Release|x64.Build.0 = Release|x64
		{386BD987-51D6-336C-9D84-5EA217F9D5AA}.MinSizeRel|x64.ActiveCfg = MinSizeRel|x64
		{386BD987-51D6-336C-9D84-5EA217F9D5AA}.MinSizeRel|x64.Build.0 = MinSizeRel|x64
		{386BD987-51D6-336C-9D84-5EA217F9D5AA}.RelWithDebInfo|x64.ActiveCfg = RelWithDebInfo|x64
		{386BD987-51D6-336C-9D84-5EA217F9D5AA}.RelWithDebInfo|x64.Build.0 = RelWithDebInfo|x64
		{84FA0AF4-7252-3A54-A44A-39B4EE0606AD}.Debug|x64.ActiveCfg = Debug|x64
		{84FA0AF4-7252-3A54-A44A-39B4EE0606AD}.Release|x64.ActiveCfg = Release|x64
		{84FA0AF4-7252-3A54-A44A-39B4EE0606AD}.MinSizeRel|x64.ActiveCfg = MinSizeRel|x64
		{84FA0AF4-7252-3A54-A44A-39B4EE0606AD}.RelWithDebInfo|x64.ActiveCfg = RelWithDebInfo|x64
		{A6E78B1A-9058-3DE0-B5BF-5C75BA187F0F}.Debug|x64.ActiveCfg = Debug|x64
		{A6E78B1A-9058-3DE0-B5BF-5C75BA187F0F}.Release|x64.ActiveCfg = Release|x64
		{A6E78B1A-9058-3DE0-B5BF-5C75BA187F0F}.MinSizeRel|x64.ActiveCfg = MinSizeRel|x64
		{A6E78B1A-9058-3DE0-B5BF-5C75BA187F0F}.RelWithDebInfo|x64.ActiveCfg = RelWithDebInfo|x64
		{E73CACA9-E296-39AA-A992-03EB09AEB8DA}.Debug|x64.ActiveCfg = Debug|x64
		{E73CACA9-E296-39AA-A992-03EB09AEB8DA}.Debug|x64.Build.0 = Debug|x64
		{E73CACA9-E296-39AA-A992-03EB09AEB8DA}.Release|x64.ActiveCfg = Release|x64
		{E73CACA9-E296-39AA-A992-03EB09AEB8DA}.Release|x64.Build.0 = Release|x64
		{E73CACA9-E296-39AA-A992-03EB09AEB8DA}.MinSizeRel|x64.ActiveCfg = MinSizeRel|x64
		{E73CACA9-E296-39AA-A992-03EB09AEB8DA}.MinSizeRel|x64.Build.0 = MinSizeRel|x64
		{E73CACA9-E296-39AA-A992-03EB09AEB8DA}.RelWithDebInfo|x64.ActiveCfg = RelWithDebInfo|x64
		{E73CACA9-E296-39AA-A992-03EB09AEB8DA}.RelWithDebInfo|x64.Build.0 = RelWithDebInfo|x64
		{A22654B0-D091-3439-B67B-9B7AC2E224C2}.Debug|x64.ActiveCfg = Debug|x64
		{A22654B0-D091-3439-B67B-9B7AC2E224C2}.Debug|x64.Build.0 = Debug|x64
		{A22654B0-D091-3439-B67B-9B7AC2E224C2}.Release|x64.ActiveCfg = Release|x64
		{A22654B0-D091-3439-B67B-9B7AC2E224C2}.Release|x64.Build.0 = Release|x64
		{A22654B0-D091-3439-B67B-9B7AC2E224C2}.MinSizeRel|x64.ActiveCfg = MinSizeRel|x64
		{A22654B0-D091-3439-B67B-9B7AC2E224C2}.MinSizeRel|x64.Build.0 = MinSizeRel|x64
		{A22654B0-D091-3439-B67B-9B7AC2E224C2}.RelWithDebInfo|x64.ActiveCfg = RelWithDebInfo|x64
		{A22654B0-D091-3439-B67B-9B7AC2E224C2}.RelWithDebInfo|x64.Build.0 = RelWithDebInfo|x64
		{D0AD2FBB-B705-3149-81C6-0FAE85730235}.Debug|x64.ActiveCfg = Debug|x64
		{D0AD2FBB-B705-3149-81C6-0FAE85730235}.Debug|x64.Build.0 = Debug|x64
		{D0AD2FBB-B705-3149-81C6-0FAE85730235}.Release|x64.ActiveCfg = Release|x64
		{D0AD2FBB-B705-3149-81C6-0FAE85730235}.Release|x64.Build.0 = Release|x64
		{D0AD2FBB-B705-3149-81C6-0FAE85730235}.MinSizeRel|x64.ActiveCfg = MinSizeRel|x64
		{D0AD2FBB-B705-3149-81C6-0FAE85730235}.MinSizeRel|x64.Build.0 = MinSizeRel|x64
		{D0AD2FBB-B705-3149-81C6-0FAE85730235}.RelWithDebInfo|x64.ActiveCfg = RelWithDebInfo|x64
		{D0AD2FBB-B705-3149-81C6-0FAE85730235}.RelWithDebInfo|x64.Build.0 = RelWithDebInfo|x64
		{74F386C3-8E91-3EA5-89B3-D027895ABB97}.Debug|x64.ActiveCfg = Debug|x64
		{74F386C3-8E91-3EA5-89B3-D027895ABB97}.Debug|x64.Build.0 = Debug|x64
		{74F386C3-8E91-3EA5-89B3-D027895ABB97}.Release|x64.ActiveCfg = Release|x64
		{74F386C3-8E91-3EA5-89B3-D027895ABB97}.Release|x64.Build.0 = Release|x64
		{74F386C3-8E91-3EA5-89B3-D027895ABB97}.MinSizeRel|x64.ActiveCfg = MinSizeRel|x64
		{74F386C3-8E91-3EA5-89B3-D027895ABB97}.MinSizeRel|x64.Build.0 = MinSizeRel|x64
		{74F386C3-8E91-3EA5-89B3-D027895ABB97}.RelWithDebInfo|x64.ActiveCfg = RelWithDebInfo|x64
		{74F386C3-8E91-3EA5-89B3-D027895ABB97}.RelWithDebInfo|x64.Build.0 = RelWithDebInfo|x64
		{1DD52763-41E3-3D71-9C59-D1660268A388}.Debug|x64.ActiveCfg = Debug|x64
		{1DD52763-41E3-3D71-9C59-D1660268A388}.Release|x64.ActiveCfg = Release|x64
		{1DD52763-41E3-3D71-9C59-D1660268A388}.MinSizeRel|x64.ActiveCfg = MinSizeRel|x64
		{1DD52763-41E3-3D71-9C59-D1660268A388}.RelWithDebInfo|x64.ActiveCfg = RelWithDebInfo|x64
		{14EB2C07-A58D-3348-8B40-6A7DA92D7177}.Debug|x64.ActiveCfg = Debug|x64
		{14EB2C07-A58D-3348-8B40-6A7DA92D7177}.Debug|x64.Build.0 = Debug|x64
		{14EB2C07-A58D-3348-8B40-6A7DA92D7177}.Release|x64.ActiveCfg = Release|x64
		{14EB2C07-A58D-3348-8B40-6A7DA92D7177}.Release|x64.Build.0 = Release|x64
		{14EB2C07-A58D-3348-8B40-6A7DA92D7177}.MinSizeRel|x64.ActiveCfg = MinSizeRel|x64
		{14EB2C07-A58D-3348-8B40-6A7DA92D7177}.MinSizeRel|x64.Build.0 = MinSizeRel|x64
		{14EB2C07-A58D-3348-8B40-6A7DA92D7177}.RelWithDebInfo|x64.ActiveCfg = RelWithDebInfo|x64
		{14EB2C07-A58D-3348-8B40-6A7DA92D7177}.RelWithDebInfo|x64.Build.0 = RelWithDebInfo|x64
		{F3A7267A-04CC-3CF2-8311-892135B69131}.Debug|x64.ActiveCfg = Debug|x64
		{F3A7267A-04CC-3CF2-8311-892135B69131}.Debug|x64.Build.0 = Debug|x64
		{F3A7267A-04CC-3CF2-8311-892135B69131}.Release|x64.ActiveCfg = Release|x64
		{F3A7267A-04CC-3CF2-8311-892135B69131}.Release|x64.Build.0 = Release|x64
		{F3A7267A-04CC-3CF2-8311-892135B69131}.MinSizeRel|x64.ActiveCfg = MinSizeRel|x64
		{F3A7267A-04CC-3CF2-8311-892135B69131}.MinSizeRel|x64.Build.0 = MinSizeRel|x64
		{F3A7267A-04CC-3CF2-8311-892135B69131}.RelWithDebInfo|x64.ActiveCfg = RelWithDebInfo|x64
		{F3A7267A-04CC-3CF2-8311-892135B69131}.RelWithDebInfo|x64.Build.0 = RelWithDebInfo|x64
	EndGlobalSection
	GlobalSection(ExtensibilityGlobals) = postSolution
		SolutionGuid = {6952C8BD-B7DA-314D-BB75-43C1105CDD40}
	EndGlobalSection
	GlobalSection(ExtensibilityAddIns) = postSolution
	EndGlobalSection
EndGlobal
